// !$*UTF8*$!
{
	archiveVersion = 1;
	classes = {
	};
	objectVersion = 77;
	objects = {

/* Begin PBXBuildFile section */
		140F20EC2CA0056D00555CF7 /* VisualKit in Frameworks */ = {isa = PBXBuildFile; productRef = 140F20EB2CA0056D00555CF7 /* VisualKit */; };
		140F20EF2CA007E800555CF7 /* VisualKit in Frameworks */ = {isa = PBXBuildFile; productRef = 140F20EE2CA007E800555CF7 /* VisualKit */; };
		140F20F22CA0097200555CF7 /* VisualKit in Frameworks */ = {isa = PBXBuildFile; productRef = 140F20F12CA0097200555CF7 /* VisualKit */; };
		140F20F72CA00CE200555CF7 /* VisualKit in Frameworks */ = {isa = PBXBuildFile; productRef = 140F20F62CA00CE200555CF7 /* VisualKit */; };
		140F21142CA0997E00555CF7 /* VisualKit in Frameworks */ = {isa = PBXBuildFile; productRef = 140F21132CA0997E00555CF7 /* VisualKit */; };
		148529EC2CA0B23800ADB395 /* VisualKit in Frameworks */ = {isa = PBXBuildFile; productRef = 148529EB2CA0B23800ADB395 /* VisualKit */; };
		148529F12CA4503700ADB395 /* VisualKit in Frameworks */ = {isa = PBXBuildFile; productRef = 148529F02CA4503700ADB395 /* VisualKit */; };
		148529F42CA4581300ADB395 /* VisualKit in Frameworks */ = {isa = PBXBuildFile; productRef = 148529F32CA4581300ADB395 /* VisualKit */; };
		148529F72CA45A2400ADB395 /* VisualKit in Frameworks */ = {isa = PBXBuildFile; productRef = 148529F62CA45A2400ADB395 /* VisualKit */; };
		148529FE2CA466D100ADB395 /* VisualKit in Frameworks */ = {isa = PBXBuildFile; productRef = 148529FD2CA466D100ADB395 /* VisualKit */; };
		14852A012CA4693C00ADB395 /* VisualKit in Frameworks */ = {isa = PBXBuildFile; productRef = 14852A002CA4693C00ADB395 /* VisualKit */; };
		14852A062CA46DB700ADB395 /* VisualKit in Frameworks */ = {isa = PBXBuildFile; productRef = 14852A052CA46DB700ADB395 /* VisualKit */; };
		14852A0B2CA46EFC00ADB395 /* VisualKit in Frameworks */ = {isa = PBXBuildFile; productRef = 14852A0A2CA46EFC00ADB395 /* VisualKit */; };
		14852A102CA47CFA00ADB395 /* VisualKit in Frameworks */ = {isa = PBXBuildFile; productRef = 14852A0F2CA47CFA00ADB395 /* VisualKit */; };
		14852A152CA807A900ADB395 /* VisualKit in Frameworks */ = {isa = PBXBuildFile; productRef = 14852A142CA807A900ADB395 /* VisualKit */; };
		14852A182CA80E2500ADB395 /* VisualKit in Frameworks */ = {isa = PBXBuildFile; productRef = 14852A172CA80E2500ADB395 /* VisualKit */; };
		14852A302CA850FC00ADB395 /* VisualKit in Frameworks */ = {isa = PBXBuildFile; productRef = 14852A2F2CA850FC00ADB395 /* VisualKit */; };
		14852A3F2CA95EE700ADB395 /* VisualKit in Frameworks */ = {isa = PBXBuildFile; productRef = 14852A3E2CA95EE700ADB395 /* VisualKit */; };
		14852A4A2CAAF34100ADB395 /* VisualKit in Frameworks */ = {isa = PBXBuildFile; productRef = 14852A492CAAF34100ADB395 /* VisualKit */; };
/* End PBXBuildFile section */

/* Begin PBXFileReference section */
		140F20CE2CA0054100555CF7 /* VisualKit-Sample.app */ = {isa = PBXFileReference; explicitFileType = wrapper.application; includeInIndex = 0; path = "VisualKit-Sample.app"; sourceTree = BUILT_PRODUCTS_DIR; };
/* End PBXFileReference section */

/* Begin PBXFileSystemSynchronizedRootGroup section */
		140F20D02CA0054100555CF7 /* VisualKit-Sample */ = {
			isa = PBXFileSystemSynchronizedRootGroup;
			path = "VisualKit-Sample";
			sourceTree = "<group>";
		};
/* End PBXFileSystemSynchronizedRootGroup section */

/* Begin PBXFrameworksBuildPhase section */
		140F20CB2CA0054100555CF7 /* Frameworks */ = {
			isa = PBXFrameworksBuildPhase;
			buildActionMask = 2147483647;
			files = (
				140F20EC2CA0056D00555CF7 /* VisualKit in Frameworks */,
				148529FE2CA466D100ADB395 /* VisualKit in Frameworks */,
				140F21142CA0997E00555CF7 /* VisualKit in Frameworks */,
				148529F72CA45A2400ADB395 /* VisualKit in Frameworks */,
				140F20F72CA00CE200555CF7 /* VisualKit in Frameworks */,
				14852A4A2CAAF34100ADB395 /* VisualKit in Frameworks */,
				14852A182CA80E2500ADB395 /* VisualKit in Frameworks */,
				14852A102CA47CFA00ADB395 /* VisualKit in Frameworks */,
				14852A062CA46DB700ADB395 /* VisualKit in Frameworks */,
				140F20EF2CA007E800555CF7 /* VisualKit in Frameworks */,
				14852A012CA4693C00ADB395 /* VisualKit in Frameworks */,
				140F20F22CA0097200555CF7 /* VisualKit in Frameworks */,
				14852A3F2CA95EE700ADB395 /* VisualKit in Frameworks */,
				14852A302CA850FC00ADB395 /* VisualKit in Frameworks */,
				148529F42CA4581300ADB395 /* VisualKit in Frameworks */,
				14852A152CA807A900ADB395 /* VisualKit in Frameworks */,
				148529F12CA4503700ADB395 /* VisualKit in Frameworks */,
				148529EC2CA0B23800ADB395 /* VisualKit in Frameworks */,
				14852A0B2CA46EFC00ADB395 /* VisualKit in Frameworks */,
			);
			runOnlyForDeploymentPostprocessing = 0;
		};
/* End PBXFrameworksBuildPhase section */

/* Begin PBXGroup section */
		140F20C52CA0054100555CF7 = {
			isa = PBXGroup;
			children = (
				140F20D02CA0054100555CF7 /* VisualKit-Sample */,
				140F20CF2CA0054100555CF7 /* Products */,
			);
			sourceTree = "<group>";
		};
		140F20CF2CA0054100555CF7 /* Products */ = {
			isa = PBXGroup;
			children = (
				140F20CE2CA0054100555CF7 /* VisualKit-Sample.app */,
			);
			name = Products;
			sourceTree = "<group>";
		};
/* End PBXGroup section */

/* Begin PBXNativeTarget section */
		140F20CD2CA0054100555CF7 /* VisualKit-Sample */ = {
			isa = PBXNativeTarget;
			buildConfigurationList = 140F20DD2CA0054200555CF7 /* Build configuration list for PBXNativeTarget "VisualKit-Sample" */;
			buildPhases = (
				140F20CA2CA0054100555CF7 /* Sources */,
				140F20CB2CA0054100555CF7 /* Frameworks */,
				140F20CC2CA0054100555CF7 /* Resources */,
			);
			buildRules = (
			);
			dependencies = (
			);
			fileSystemSynchronizedGroups = (
				140F20D02CA0054100555CF7 /* VisualKit-Sample */,
			);
			name = "VisualKit-Sample";
			packageProductDependencies = (
				140F20EB2CA0056D00555CF7 /* VisualKit */,
				140F20EE2CA007E800555CF7 /* VisualKit */,
				140F20F12CA0097200555CF7 /* VisualKit */,
				140F20F62CA00CE200555CF7 /* VisualKit */,
				140F21132CA0997E00555CF7 /* VisualKit */,
				148529EB2CA0B23800ADB395 /* VisualKit */,
				148529F02CA4503700ADB395 /* VisualKit */,
				148529F32CA4581300ADB395 /* VisualKit */,
				148529F62CA45A2400ADB395 /* VisualKit */,
				148529FD2CA466D100ADB395 /* VisualKit */,
				14852A002CA4693C00ADB395 /* VisualKit */,
				14852A052CA46DB700ADB395 /* VisualKit */,
				14852A0A2CA46EFC00ADB395 /* VisualKit */,
				14852A0F2CA47CFA00ADB395 /* VisualKit */,
				14852A142CA807A900ADB395 /* VisualKit */,
				14852A172CA80E2500ADB395 /* VisualKit */,
				14852A2F2CA850FC00ADB395 /* VisualKit */,
				14852A3E2CA95EE700ADB395 /* VisualKit */,
				14852A492CAAF34100ADB395 /* VisualKit */,
			);
			productName = "VisualKit-Sample";
			productReference = 140F20CE2CA0054100555CF7 /* VisualKit-Sample.app */;
			productType = "com.apple.product-type.application";
		};
/* End PBXNativeTarget section */

/* Begin PBXProject section */
		140F20C62CA0054100555CF7 /* Project object */ = {
			isa = PBXProject;
			attributes = {
				BuildIndependentTargetsInParallel = 1;
				LastSwiftUpdateCheck = 1600;
				LastUpgradeCheck = 1600;
				TargetAttributes = {
					140F20CD2CA0054100555CF7 = {
						CreatedOnToolsVersion = 16.0;
					};
				};
			};
			buildConfigurationList = 140F20C92CA0054100555CF7 /* Build configuration list for PBXProject "VisualKit-Sample" */;
			developmentRegion = en;
			hasScannedForEncodings = 0;
			knownRegions = (
				en,
				Base,
			);
			mainGroup = 140F20C52CA0054100555CF7;
			minimizedProjectReferenceProxies = 1;
			packageReferences = (
				14852A482CAAF34100ADB395 /* XCLocalSwiftPackageReference "../Package" */,
			);
			preferredProjectObjectVersion = 77;
			productRefGroup = 140F20CF2CA0054100555CF7 /* Products */;
			projectDirPath = "";
			projectRoot = "";
			targets = (
				140F20CD2CA0054100555CF7 /* VisualKit-Sample */,
			);
		};
/* End PBXProject section */

/* Begin PBXResourcesBuildPhase section */
		140F20CC2CA0054100555CF7 /* Resources */ = {
			isa = PBXResourcesBuildPhase;
			buildActionMask = 2147483647;
			files = (
			);
			runOnlyForDeploymentPostprocessing = 0;
		};
/* End PBXResourcesBuildPhase section */

/* Begin PBXSourcesBuildPhase section */
		140F20CA2CA0054100555CF7 /* Sources */ = {
			isa = PBXSourcesBuildPhase;
			buildActionMask = 2147483647;
			files = (
			);
			runOnlyForDeploymentPostprocessing = 0;
		};
/* End PBXSourcesBuildPhase section */

/* Begin XCBuildConfiguration section */
		140F20DB2CA0054200555CF7 /* Debug */ = {
			isa = XCBuildConfiguration;
			buildSettings = {
				ALWAYS_SEARCH_USER_PATHS = NO;
				ASSETCATALOG_COMPILER_GENERATE_SWIFT_ASSET_SYMBOL_EXTENSIONS = YES;
				CLANG_ANALYZER_NONNULL = YES;
				CLANG_ANALYZER_NUMBER_OBJECT_CONVERSION = YES_AGGRESSIVE;
				CLANG_CXX_LANGUAGE_STANDARD = "gnu++20";
				CLANG_ENABLE_MODULES = YES;
				CLANG_ENABLE_OBJC_ARC = YES;
				CLANG_ENABLE_OBJC_WEAK = YES;
				CLANG_WARN_BLOCK_CAPTURE_AUTORELEASING = YES;
				CLANG_WARN_BOOL_CONVERSION = YES;
				CLANG_WARN_COMMA = YES;
				CLANG_WARN_CONSTANT_CONVERSION = YES;
				CLANG_WARN_DEPRECATED_OBJC_IMPLEMENTATIONS = YES;
				CLANG_WARN_DIRECT_OBJC_ISA_USAGE = YES_ERROR;
				CLANG_WARN_DOCUMENTATION_COMMENTS = YES;
				CLANG_WARN_EMPTY_BODY = YES;
				CLANG_WARN_ENUM_CONVERSION = YES;
				CLANG_WARN_INFINITE_RECURSION = YES;
				CLANG_WARN_INT_CONVERSION = YES;
				CLANG_WARN_NON_LITERAL_NULL_CONVERSION = YES;
				CLANG_WARN_OBJC_IMPLICIT_RETAIN_SELF = YES;
				CLANG_WARN_OBJC_LITERAL_CONVERSION = YES;
				CLANG_WARN_OBJC_ROOT_CLASS = YES_ERROR;
				CLANG_WARN_QUOTED_INCLUDE_IN_FRAMEWORK_HEADER = YES;
				CLANG_WARN_RANGE_LOOP_ANALYSIS = YES;
				CLANG_WARN_STRICT_PROTOTYPES = YES;
				CLANG_WARN_SUSPICIOUS_MOVE = YES;
				CLANG_WARN_UNGUARDED_AVAILABILITY = YES_AGGRESSIVE;
				CLANG_WARN_UNREACHABLE_CODE = YES;
				CLANG_WARN__DUPLICATE_METHOD_MATCH = YES;
				COPY_PHASE_STRIP = NO;
				DEBUG_INFORMATION_FORMAT = dwarf;
				ENABLE_STRICT_OBJC_MSGSEND = YES;
				ENABLE_TESTABILITY = YES;
				ENABLE_USER_SCRIPT_SANDBOXING = YES;
				GCC_C_LANGUAGE_STANDARD = gnu17;
				GCC_DYNAMIC_NO_PIC = NO;
				GCC_NO_COMMON_BLOCKS = YES;
				GCC_OPTIMIZATION_LEVEL = 0;
				GCC_PREPROCESSOR_DEFINITIONS = (
					"DEBUG=1",
					"$(inherited)",
				);
				GCC_WARN_64_TO_32_BIT_CONVERSION = YES;
				GCC_WARN_ABOUT_RETURN_TYPE = YES_ERROR;
				GCC_WARN_UNDECLARED_SELECTOR = YES;
				GCC_WARN_UNINITIALIZED_AUTOS = YES_AGGRESSIVE;
				GCC_WARN_UNUSED_FUNCTION = YES;
				GCC_WARN_UNUSED_VARIABLE = YES;
				LOCALIZATION_PREFERS_STRING_CATALOGS = YES;
				MTL_ENABLE_DEBUG_INFO = INCLUDE_SOURCE;
				MTL_FAST_MATH = YES;
				ONLY_ACTIVE_ARCH = YES;
				SWIFT_ACTIVE_COMPILATION_CONDITIONS = "DEBUG $(inherited)";
				SWIFT_OPTIMIZATION_LEVEL = "-Onone";
			};
			name = Debug;
		};
		140F20DC2CA0054200555CF7 /* Release */ = {
			isa = XCBuildConfiguration;
			buildSettings = {
				ALWAYS_SEARCH_USER_PATHS = NO;
				ASSETCATALOG_COMPILER_GENERATE_SWIFT_ASSET_SYMBOL_EXTENSIONS = YES;
				CLANG_ANALYZER_NONNULL = YES;
				CLANG_ANALYZER_NUMBER_OBJECT_CONVERSION = YES_AGGRESSIVE;
				CLANG_CXX_LANGUAGE_STANDARD = "gnu++20";
				CLANG_ENABLE_MODULES = YES;
				CLANG_ENABLE_OBJC_ARC = YES;
				CLANG_ENABLE_OBJC_WEAK = YES;
				CLANG_WARN_BLOCK_CAPTURE_AUTORELEASING = YES;
				CLANG_WARN_BOOL_CONVERSION = YES;
				CLANG_WARN_COMMA = YES;
				CLANG_WARN_CONSTANT_CONVERSION = YES;
				CLANG_WARN_DEPRECATED_OBJC_IMPLEMENTATIONS = YES;
				CLANG_WARN_DIRECT_OBJC_ISA_USAGE = YES_ERROR;
				CLANG_WARN_DOCUMENTATION_COMMENTS = YES;
				CLANG_WARN_EMPTY_BODY = YES;
				CLANG_WARN_ENUM_CONVERSION = YES;
				CLANG_WARN_INFINITE_RECURSION = YES;
				CLANG_WARN_INT_CONVERSION = YES;
				CLANG_WARN_NON_LITERAL_NULL_CONVERSION = YES;
				CLANG_WARN_OBJC_IMPLICIT_RETAIN_SELF = YES;
				CLANG_WARN_OBJC_LITERAL_CONVERSION = YES;
				CLANG_WARN_OBJC_ROOT_CLASS = YES_ERROR;
				CLANG_WARN_QUOTED_INCLUDE_IN_FRAMEWORK_HEADER = YES;
				CLANG_WARN_RANGE_LOOP_ANALYSIS = YES;
				CLANG_WARN_STRICT_PROTOTYPES = YES;
				CLANG_WARN_SUSPICIOUS_MOVE = YES;
				CLANG_WARN_UNGUARDED_AVAILABILITY = YES_AGGRESSIVE;
				CLANG_WARN_UNREACHABLE_CODE = YES;
				CLANG_WARN__DUPLICATE_METHOD_MATCH = YES;
				COPY_PHASE_STRIP = NO;
				DEBUG_INFORMATION_FORMAT = "dwarf-with-dsym";
				ENABLE_NS_ASSERTIONS = NO;
				ENABLE_STRICT_OBJC_MSGSEND = YES;
				ENABLE_USER_SCRIPT_SANDBOXING = YES;
				GCC_C_LANGUAGE_STANDARD = gnu17;
				GCC_NO_COMMON_BLOCKS = YES;
				GCC_WARN_64_TO_32_BIT_CONVERSION = YES;
				GCC_WARN_ABOUT_RETURN_TYPE = YES_ERROR;
				GCC_WARN_UNDECLARED_SELECTOR = YES;
				GCC_WARN_UNINITIALIZED_AUTOS = YES_AGGRESSIVE;
				GCC_WARN_UNUSED_FUNCTION = YES;
				GCC_WARN_UNUSED_VARIABLE = YES;
				LOCALIZATION_PREFERS_STRING_CATALOGS = YES;
				MTL_ENABLE_DEBUG_INFO = NO;
				MTL_FAST_MATH = YES;
				SWIFT_COMPILATION_MODE = wholemodule;
			};
			name = Release;
		};
		140F20DE2CA0054200555CF7 /* Debug */ = {
			isa = XCBuildConfiguration;
			buildSettings = {
				ASSETCATALOG_COMPILER_APPICON_NAME = AppIcon;
				ASSETCATALOG_COMPILER_GLOBAL_ACCENT_COLOR_NAME = AccentColor;
				CODE_SIGN_ENTITLEMENTS = "VisualKit-Sample/VisualKit_Sample.entitlements";
				CODE_SIGN_STYLE = Automatic;
				CURRENT_PROJECT_VERSION = 1;
				DEVELOPMENT_ASSET_PATHS = "\"VisualKit-Sample/Preview Content\"";
				DEVELOPMENT_TEAM = R565CXZKKP;
				ENABLE_HARDENED_RUNTIME = YES;
				ENABLE_PREVIEWS = YES;
				GENERATE_INFOPLIST_FILE = YES;
				"INFOPLIST_KEY_UIApplicationSceneManifest_Generation[sdk=iphoneos*]" = YES;
				"INFOPLIST_KEY_UIApplicationSceneManifest_Generation[sdk=iphonesimulator*]" = YES;
				"INFOPLIST_KEY_UIApplicationSupportsIndirectInputEvents[sdk=iphoneos*]" = YES;
				"INFOPLIST_KEY_UIApplicationSupportsIndirectInputEvents[sdk=iphonesimulator*]" = YES;
				"INFOPLIST_KEY_UILaunchScreen_Generation[sdk=iphoneos*]" = YES;
				"INFOPLIST_KEY_UILaunchScreen_Generation[sdk=iphonesimulator*]" = YES;
				"INFOPLIST_KEY_UIStatusBarStyle[sdk=iphoneos*]" = UIStatusBarStyleDefault;
				"INFOPLIST_KEY_UIStatusBarStyle[sdk=iphonesimulator*]" = UIStatusBarStyleDefault;
				INFOPLIST_KEY_UISupportedInterfaceOrientations_iPad = "UIInterfaceOrientationPortrait UIInterfaceOrientationPortraitUpsideDown UIInterfaceOrientationLandscapeLeft UIInterfaceOrientationLandscapeRight";
				INFOPLIST_KEY_UISupportedInterfaceOrientations_iPhone = "UIInterfaceOrientationPortrait UIInterfaceOrientationLandscapeLeft UIInterfaceOrientationLandscapeRight";
				IPHONEOS_DEPLOYMENT_TARGET = 18.0;
				LD_RUNPATH_SEARCH_PATHS = "@executable_path/Frameworks";
				"LD_RUNPATH_SEARCH_PATHS[sdk=macosx*]" = "@executable_path/../Frameworks";
				MACOSX_DEPLOYMENT_TARGET = 14.7;
				MARKETING_VERSION = 1.0;
				PRODUCT_BUNDLE_IDENTIFIER = "com.voodoo.VisualKit-Sample";
				PRODUCT_NAME = "$(TARGET_NAME)";
				SDKROOT = auto;
				SUPPORTED_PLATFORMS = "iphoneos iphonesimulator macosx xros xrsimulator";
				SWIFT_EMIT_LOC_STRINGS = YES;
				SWIFT_VERSION = 5.0;
				TARGETED_DEVICE_FAMILY = "1,2,7";
				XROS_DEPLOYMENT_TARGET = 2.0;
			};
			name = Debug;
		};
		140F20DF2CA0054200555CF7 /* Release */ = {
			isa = XCBuildConfiguration;
			buildSettings = {
				ASSETCATALOG_COMPILER_APPICON_NAME = AppIcon;
				ASSETCATALOG_COMPILER_GLOBAL_ACCENT_COLOR_NAME = AccentColor;
				CODE_SIGN_ENTITLEMENTS = "VisualKit-Sample/VisualKit_Sample.entitlements";
				CODE_SIGN_STYLE = Automatic;
				CURRENT_PROJECT_VERSION = 1;
				DEVELOPMENT_ASSET_PATHS = "\"VisualKit-Sample/Preview Content\"";
				DEVELOPMENT_TEAM = R565CXZKKP;
				ENABLE_HARDENED_RUNTIME = YES;
				ENABLE_PREVIEWS = YES;
				GENERATE_INFOPLIST_FILE = YES;
				"INFOPLIST_KEY_UIApplicationSceneManifest_Generation[sdk=iphoneos*]" = YES;
				"INFOPLIST_KEY_UIApplicationSceneManifest_Generation[sdk=iphonesimulator*]" = YES;
				"INFOPLIST_KEY_UIApplicationSupportsIndirectInputEvents[sdk=iphoneos*]" = YES;
				"INFOPLIST_KEY_UIApplicationSupportsIndirectInputEvents[sdk=iphonesimulator*]" = YES;
				"INFOPLIST_KEY_UILaunchScreen_Generation[sdk=iphoneos*]" = YES;
				"INFOPLIST_KEY_UILaunchScreen_Generation[sdk=iphonesimulator*]" = YES;
				"INFOPLIST_KEY_UIStatusBarStyle[sdk=iphoneos*]" = UIStatusBarStyleDefault;
				"INFOPLIST_KEY_UIStatusBarStyle[sdk=iphonesimulator*]" = UIStatusBarStyleDefault;
				INFOPLIST_KEY_UISupportedInterfaceOrientations_iPad = "UIInterfaceOrientationPortrait UIInterfaceOrientationPortraitUpsideDown UIInterfaceOrientationLandscapeLeft UIInterfaceOrientationLandscapeRight";
				INFOPLIST_KEY_UISupportedInterfaceOrientations_iPhone = "UIInterfaceOrientationPortrait UIInterfaceOrientationLandscapeLeft UIInterfaceOrientationLandscapeRight";
				IPHONEOS_DEPLOYMENT_TARGET = 18.0;
				LD_RUNPATH_SEARCH_PATHS = "@executable_path/Frameworks";
				"LD_RUNPATH_SEARCH_PATHS[sdk=macosx*]" = "@executable_path/../Frameworks";
				MACOSX_DEPLOYMENT_TARGET = 14.7;
				MARKETING_VERSION = 1.0;
				PRODUCT_BUNDLE_IDENTIFIER = "com.voodoo.VisualKit-Sample";
				PRODUCT_NAME = "$(TARGET_NAME)";
				SDKROOT = auto;
				SUPPORTED_PLATFORMS = "iphoneos iphonesimulator macosx xros xrsimulator";
				SWIFT_EMIT_LOC_STRINGS = YES;
				SWIFT_VERSION = 5.0;
				TARGETED_DEVICE_FAMILY = "1,2,7";
				XROS_DEPLOYMENT_TARGET = 2.0;
			};
			name = Release;
		};
/* End XCBuildConfiguration section */

/* Begin XCConfigurationList section */
		140F20C92CA0054100555CF7 /* Build configuration list for PBXProject "VisualKit-Sample" */ = {
			isa = XCConfigurationList;
			buildConfigurations = (
				140F20DB2CA0054200555CF7 /* Debug */,
				140F20DC2CA0054200555CF7 /* Release */,
			);
			defaultConfigurationIsVisible = 0;
			defaultConfigurationName = Release;
		};
		140F20DD2CA0054200555CF7 /* Build configuration list for PBXNativeTarget "VisualKit-Sample" */ = {
			isa = XCConfigurationList;
			buildConfigurations = (
				140F20DE2CA0054200555CF7 /* Debug */,
				140F20DF2CA0054200555CF7 /* Release */,
			);
			defaultConfigurationIsVisible = 0;
			defaultConfigurationName = Release;
		};
/* End XCConfigurationList section */

/* Begin XCLocalSwiftPackageReference section */
		14852A482CAAF34100ADB395 /* XCLocalSwiftPackageReference "../Package" */ = {
			isa = XCLocalSwiftPackageReference;
			relativePath = ../Package;
		};
/* End XCLocalSwiftPackageReference section */

/* Begin XCSwiftPackageProductDependency section */
		140F20EB2CA0056D00555CF7 /* VisualKit */ = {
			isa = XCSwiftPackageProductDependency;
			productName = VisualKit;
		};
		140F20EE2CA007E800555CF7 /* VisualKit */ = {
			isa = XCSwiftPackageProductDependency;
			productName = VisualKit;
		};
		140F20F12CA0097200555CF7 /* VisualKit */ = {
			isa = XCSwiftPackageProductDependency;
			productName = VisualKit;
		};
		140F20F62CA00CE200555CF7 /* VisualKit */ = {
			isa = XCSwiftPackageProductDependency;
			productName = VisualKit;
		};
		140F21132CA0997E00555CF7 /* VisualKit */ = {
			isa = XCSwiftPackageProductDependency;
			productName = VisualKit;
		};
		148529EB2CA0B23800ADB395 /* VisualKit */ = {
			isa = XCSwiftPackageProductDependency;
			productName = VisualKit;
		};
		148529F02CA4503700ADB395 /* VisualKit */ = {
			isa = XCSwiftPackageProductDependency;
			productName = VisualKit;
		};
		148529F32CA4581300ADB395 /* VisualKit */ = {
			isa = XCSwiftPackageProductDependency;
			productName = VisualKit;
		};
		148529F62CA45A2400ADB395 /* VisualKit */ = {
			isa = XCSwiftPackageProductDependency;
			productName = VisualKit;
		};
		148529FD2CA466D100ADB395 /* VisualKit */ = {
			isa = XCSwiftPackageProductDependency;
			productName = VisualKit;
		};
		14852A002CA4693C00ADB395 /* VisualKit */ = {
			isa = XCSwiftPackageProductDependency;
			productName = VisualKit;
		};
		14852A052CA46DB700ADB395 /* VisualKit */ = {
			isa = XCSwiftPackageProductDependency;
			productName = VisualKit;
		};
		14852A0A2CA46EFC00ADB395 /* VisualKit */ = {
			isa = XCSwiftPackageProductDependency;
			productName = VisualKit;
		};
		14852A0F2CA47CFA00ADB395 /* VisualKit */ = {
			isa = XCSwiftPackageProductDependency;
			productName = VisualKit;
		};
		14852A142CA807A900ADB395 /* VisualKit */ = {
			isa = XCSwiftPackageProductDependency;
			productName = VisualKit;
		};
		14852A172CA80E2500ADB395 /* VisualKit */ = {
			isa = XCSwiftPackageProductDependency;
			productName = VisualKit;
		};
		14852A2F2CA850FC00ADB395 /* VisualKit */ = {
			isa = XCSwiftPackageProductDependency;
			productName = VisualKit;
		};
		14852A3E2CA95EE700ADB395 /* VisualKit */ = {
			isa = XCSwiftPackageProductDependency;
			productName = VisualKit;
		};
		14852A492CAAF34100ADB395 /* VisualKit */ = {
			isa = XCSwiftPackageProductDependency;
			productName = VisualKit;
		};
/* End XCSwiftPackageProductDependency section */
	};
	rootObject = 140F20C62CA0054100555CF7 /* Project object */;
}
